
Microsoft Visual Studio Solution File, Format Version 12.00
# Visual Studio Version 17
VisualStudioVersion = 17.5.33414.496
MinimumVisualStudioVersion = 10.0.40219.1
Project("{FAE04EC0-301F-11D3-BF4B-00C04F79EFBC}") = "tpmod4_1302210068", "tpmod4_1302210068.csproj", "{AB79F558-4829-4B64-BF42-40115BAA6BC9}"
EndProject
Global
	GlobalSection(SolutionConfigurationPlatforms) = preSolution
		Debug|Any CPU = Debug|Any CPU
		Release|Any CPU = Release|Any CPU
	EndGlobalSection
	GlobalSection(ProjectConfigurationPlatforms) = postSolution
		{AB79F558-4829-4B64-BF42-40115BAA6BC9}.Debug|Any CPU.ActiveCfg = Debug|Any CPU
		{AB79F558-4829-4B64-BF42-40115BAA6BC9}.Debug|Any CPU.Build.0 = Debug|Any CPU
		{AB79F558-4829-4B64-BF42-40115BAA6BC9}.Release|Any CPU.ActiveCfg = Release|Any CPU
		{AB79F558-4829-4B64-BF42-40115BAA6BC9}.Release|Any CPU.Build.0 = Release|Any CPU
	EndGlobalSection
	GlobalSection(SolutionProperties) = preSolution
		HideSolutionNode = FALSE
	EndGlobalSection
	GlobalSection(ExtensibilityGlobals) = postSolution
		SolutionGuid = {044E9293-6596-4451-BD33-54FB815BFB43}
	EndGlobalSection
EndGlobal
